
Microsoft Visual Studio Solution File, Format Version 12.00
# Visual Studio 15
VisualStudioVersion = 15.0.28010.2003
MinimumVisualStudioVersion = 10.0.40219.1
Project("{FAE04EC0-301F-11D3-BF4B-00C04F79EFBC}") = "ProjetAeroport", "ProjetAeroport\ProjetAeroport.csproj", "{B3C6CB5D-36AF-4227-97AD-834C20153175}"
EndProject
Project("{FAE04EC0-301F-11D3-BF4B-00C04F79EFBC}") = "ProjetAeroport.Tests", "ProjetAeroport.Tests\ProjetAeroport.Tests.csproj", "{D37FF18D-825D-4F5B-982A-7EFE4BADFAA3}"
EndProject
Global
	GlobalSection(SolutionConfigurationPlatforms) = preSolution
		Debug|Any CPU = Debug|Any CPU
		Release|Any CPU = Release|Any CPU
	EndGlobalSection
	GlobalSection(ProjectConfigurationPlatforms) = postSolution
		{B3C6CB5D-36AF-4227-97AD-834C20153175}.Debug|Any CPU.ActiveCfg = Debug|Any CPU
		{B3C6CB5D-36AF-4227-97AD-834C20153175}.Debug|Any CPU.Build.0 = Debug|Any CPU
		{B3C6CB5D-36AF-4227-97AD-834C20153175}.Release|Any CPU.ActiveCfg = Release|Any CPU
		{B3C6CB5D-36AF-4227-97AD-834C20153175}.Release|Any CPU.Build.0 = Release|Any CPU
		{D37FF18D-825D-4F5B-982A-7EFE4BADFAA3}.Debug|Any CPU.ActiveCfg = Debug|Any CPU
		{D37FF18D-825D-4F5B-982A-7EFE4BADFAA3}.Debug|Any CPU.Build.0 = Debug|Any CPU
		{D37FF18D-825D-4F5B-982A-7EFE4BADFAA3}.Release|Any CPU.ActiveCfg = Release|Any CPU
		{D37FF18D-825D-4F5B-982A-7EFE4BADFAA3}.Release|Any CPU.Build.0 = Release|Any CPU
	EndGlobalSection
	GlobalSection(SolutionProperties) = preSolution
		HideSolutionNode = FALSE
	EndGlobalSection
	GlobalSection(ExtensibilityGlobals) = postSolution
		SolutionGuid = {99BDC3F9-1C54-4873-8D87-8B51587280AF}
	EndGlobalSection
EndGlobal
